
Microsoft Visual Studio Solution File, Format Version 12.00
# Visual Studio Version 16
VisualStudioVersion = 16.0.31019.35
MinimumVisualStudioVersion = 10.0.40219.1
Project("{FAE04EC0-301F-11D3-BF4B-00C04F79EFBC}") = "gsbcompta", "gsbcompta\gsbcompta.csproj", "{27F04783-E106-46C6-801B-169C6969E071}"
EndProject
Project("{2150E333-8FDC-42A3-9474-1A3956D46DE8}") = "Solution Items", "Solution Items", "{863611BA-0438-403B-B95F-69D32A85B081}"
	ProjectSection(SolutionItems) = preProject
		.editorconfig = .editorconfig
	EndProjectSection
EndProject
Global
	GlobalSection(SolutionConfigurationPlatforms) = preSolution
		Debug|Any CPU = Debug|Any CPU
		Release|Any CPU = Release|Any CPU
	EndGlobalSection
	GlobalSection(ProjectConfigurationPlatforms) = postSolution
		{27F04783-E106-46C6-801B-169C6969E071}.Debug|Any CPU.ActiveCfg = Debug|Any CPU
		{27F04783-E106-46C6-801B-169C6969E071}.Debug|Any CPU.Build.0 = Debug|Any CPU
		{27F04783-E106-46C6-801B-169C6969E071}.Release|Any CPU.ActiveCfg = Release|Any CPU
		{27F04783-E106-46C6-801B-169C6969E071}.Release|Any CPU.Build.0 = Release|Any CPU
	EndGlobalSection
	GlobalSection(SolutionProperties) = preSolution
		HideSolutionNode = FALSE
	EndGlobalSection
	GlobalSection(ExtensibilityGlobals) = postSolution
		SolutionGuid = {448B1936-ADF7-4FCA-85D5-4BD38BB7520D}
	EndGlobalSection
EndGlobal
